
Microsoft Visual Studio Solution File, Format Version 12.00
# Visual Studio Version 17
VisualStudioVersion = 17.11.35312.102
MinimumVisualStudioVersion = 10.0.40219.1
Project("{FAE04EC0-301F-11D3-BF4B-00C04F79EFBC}") = "Lab6.4", "Lab6.4.csproj", "{3BA57D34-D509-4815-AB1C-B5D8A7C273C2}"
EndProject
Global
	GlobalSection(SolutionConfigurationPlatforms) = preSolution
		Debug|Any CPU = Debug|Any CPU
		Release|Any CPU = Release|Any CPU
	EndGlobalSection
	GlobalSection(ProjectConfigurationPlatforms) = postSolution
		{3BA57D34-D509-4815-AB1C-B5D8A7C273C2}.Debug|Any CPU.ActiveCfg = Debug|Any CPU
		{3BA57D34-D509-4815-AB1C-B5D8A7C273C2}.Debug|Any CPU.Build.0 = Debug|Any CPU
		{3BA57D34-D509-4815-AB1C-B5D8A7C273C2}.Release|Any CPU.ActiveCfg = Release|Any CPU
		{3BA57D34-D509-4815-AB1C-B5D8A7C273C2}.Release|Any CPU.Build.0 = Release|Any CPU
	EndGlobalSection
	GlobalSection(SolutionProperties) = preSolution
		HideSolutionNode = FALSE
	EndGlobalSection
	GlobalSection(ExtensibilityGlobals) = postSolution
		SolutionGuid = {52A1784C-6C4C-4528-8F5E-58B2C1B88C45}
	EndGlobalSection
EndGlobal
